
Microsoft Visual Studio Solution File, Format Version 12.00
# Visual Studio Version 16
VisualStudioVersion = 16.0.29517.11
MinimumVisualStudioVersion = 10.0.40219.1
Project("{9A19103F-16F7-4668-BE54-9A1E7A4F7556}") = "AdventOfCode.Common", "AdventOfCode.Common\AdventOfCode.Common.csproj", "{39B29ECD-04F5-4EE5-9135-439E86B988C1}"
EndProject
Project("{9A19103F-16F7-4668-BE54-9A1E7A4F7556}") = "AdventOfCode.2019", "AdventOfCode.2019\AdventOfCode.2019.csproj", "{507A1FEE-B333-4915-A226-4181BC67F9C3}"
EndProject
Project("{9A19103F-16F7-4668-BE54-9A1E7A4F7556}") = "AdventOfCode.2018", "AdventOfCode.2018\AdventOfCode.2018.csproj", "{202D39DA-7400-4C77-86A3-C6F098D6F99D}"
EndProject
Project("{9A19103F-16F7-4668-BE54-9A1E7A4F7556}") = "AdventOfCode.2015", "AdventOfCode.2015\AdventOfCode.2015.csproj", "{E2483E31-0BE5-40A9-8DF9-AA8A9CD2EF51}"
EndProject
Project("{9A19103F-16F7-4668-BE54-9A1E7A4F7556}") = "AdventOfCode.2016", "AdventOfCode.2016\AdventOfCode.2016.csproj", "{77F965DD-9365-425D-9CD9-6389DE261E99}"
EndProject
Project("{9A19103F-16F7-4668-BE54-9A1E7A4F7556}") = "AdventOfCode.2020", "AdventOfCode.2020\AdventOfCode.2020.csproj", "{A8E95898-051D-432F-950B-D16F9B1389A7}"
EndProject
Project("{FAE04EC0-301F-11D3-BF4B-00C04F79EFBC}") = "AdventOfCode.2017", "AdventOfCode.2017\AdventOfCode.2017.csproj", "{E7C7F783-6C6C-49B6-A7F3-4478F5F632C9}"
EndProject
Global
	GlobalSection(SolutionConfigurationPlatforms) = preSolution
		Debug|Any CPU = Debug|Any CPU
		Release|Any CPU = Release|Any CPU
	EndGlobalSection
	GlobalSection(ProjectConfigurationPlatforms) = postSolution
		{39B29ECD-04F5-4EE5-9135-439E86B988C1}.Debug|Any CPU.ActiveCfg = Debug|Any CPU
		{39B29ECD-04F5-4EE5-9135-439E86B988C1}.Debug|Any CPU.Build.0 = Debug|Any CPU
		{39B29ECD-04F5-4EE5-9135-439E86B988C1}.Release|Any CPU.ActiveCfg = Release|Any CPU
		{39B29ECD-04F5-4EE5-9135-439E86B988C1}.Release|Any CPU.Build.0 = Release|Any CPU
		{507A1FEE-B333-4915-A226-4181BC67F9C3}.Debug|Any CPU.ActiveCfg = Debug|Any CPU
		{507A1FEE-B333-4915-A226-4181BC67F9C3}.Debug|Any CPU.Build.0 = Debug|Any CPU
		{507A1FEE-B333-4915-A226-4181BC67F9C3}.Release|Any CPU.ActiveCfg = Release|Any CPU
		{507A1FEE-B333-4915-A226-4181BC67F9C3}.Release|Any CPU.Build.0 = Release|Any CPU
		{202D39DA-7400-4C77-86A3-C6F098D6F99D}.Debug|Any CPU.ActiveCfg = Debug|Any CPU
		{202D39DA-7400-4C77-86A3-C6F098D6F99D}.Debug|Any CPU.Build.0 = Debug|Any CPU
		{202D39DA-7400-4C77-86A3-C6F098D6F99D}.Release|Any CPU.ActiveCfg = Release|Any CPU
		{202D39DA-7400-4C77-86A3-C6F098D6F99D}.Release|Any CPU.Build.0 = Release|Any CPU
		{E2483E31-0BE5-40A9-8DF9-AA8A9CD2EF51}.Debug|Any CPU.ActiveCfg = Debug|Any CPU
		{E2483E31-0BE5-40A9-8DF9-AA8A9CD2EF51}.Debug|Any CPU.Build.0 = Debug|Any CPU
		{E2483E31-0BE5-40A9-8DF9-AA8A9CD2EF51}.Release|Any CPU.ActiveCfg = Release|Any CPU
		{E2483E31-0BE5-40A9-8DF9-AA8A9CD2EF51}.Release|Any CPU.Build.0 = Release|Any CPU
		{77F965DD-9365-425D-9CD9-6389DE261E99}.Debug|Any CPU.ActiveCfg = Debug|Any CPU
		{77F965DD-9365-425D-9CD9-6389DE261E99}.Debug|Any CPU.Build.0 = Debug|Any CPU
		{77F965DD-9365-425D-9CD9-6389DE261E99}.Release|Any CPU.ActiveCfg = Release|Any CPU
		{77F965DD-9365-425D-9CD9-6389DE261E99}.Release|Any CPU.Build.0 = Release|Any CPU
		{A8E95898-051D-432F-950B-D16F9B1389A7}.Debug|Any CPU.ActiveCfg = Debug|Any CPU
		{A8E95898-051D-432F-950B-D16F9B1389A7}.Debug|Any CPU.Build.0 = Debug|Any CPU
		{A8E95898-051D-432F-950B-D16F9B1389A7}.Release|Any CPU.ActiveCfg = Release|Any CPU
		{A8E95898-051D-432F-950B-D16F9B1389A7}.Release|Any CPU.Build.0 = Release|Any CPU
		{E7C7F783-6C6C-49B6-A7F3-4478F5F632C9}.Debug|Any CPU.ActiveCfg = Debug|Any CPU
		{E7C7F783-6C6C-49B6-A7F3-4478F5F632C9}.Debug|Any CPU.Build.0 = Debug|Any CPU
		{E7C7F783-6C6C-49B6-A7F3-4478F5F632C9}.Release|Any CPU.ActiveCfg = Release|Any CPU
		{E7C7F783-6C6C-49B6-A7F3-4478F5F632C9}.Release|Any CPU.Build.0 = Release|Any CPU
	EndGlobalSection
	GlobalSection(SolutionProperties) = preSolution
		HideSolutionNode = FALSE
	EndGlobalSection
	GlobalSection(ExtensibilityGlobals) = postSolution
		SolutionGuid = {0FE3CAE9-DA82-4EE3-A601-9A95B30897CD}
	EndGlobalSection
EndGlobal
