
Microsoft Visual Studio Solution File, Format Version 12.00
# Visual Studio Version 16
VisualStudioVersion = 16.0.29517.11
MinimumVisualStudioVersion = 10.0.40219.1
Project("{FAE04EC0-301F-11D3-BF4B-00C04F79EFBC}") = "AdventOfCode2019", "AdventOfCode2019\AdventOfCode2019.csproj", "{A2B56804-35F7-44C0-99EF-87053248385C}"
EndProject
Global
	GlobalSection(SolutionConfigurationPlatforms) = preSolution
		Debug|Any CPU = Debug|Any CPU
		Release|Any CPU = Release|Any CPU
	EndGlobalSection
	GlobalSection(ProjectConfigurationPlatforms) = postSolution
		{A2B56804-35F7-44C0-99EF-87053248385C}.Debug|Any CPU.ActiveCfg = Debug|Any CPU
		{A2B56804-35F7-44C0-99EF-87053248385C}.Debug|Any CPU.Build.0 = Debug|Any CPU
		{A2B56804-35F7-44C0-99EF-87053248385C}.Release|Any CPU.ActiveCfg = Release|Any CPU
		{A2B56804-35F7-44C0-99EF-87053248385C}.Release|Any CPU.Build.0 = Release|Any CPU
	EndGlobalSection
	GlobalSection(SolutionProperties) = preSolution
		HideSolutionNode = FALSE
	EndGlobalSection
	GlobalSection(ExtensibilityGlobals) = postSolution
		SolutionGuid = {0FE3CAE9-DA82-4EE3-A601-9A95B30897CD}
	EndGlobalSection
EndGlobal
